
Microsoft Visual Studio Solution File, Format Version 12.00
# Visual Studio Version 17
VisualStudioVersion = 17.0.32014.148
MinimumVisualStudioVersion = 10.0.40219.1
Project("{9A19103F-16F7-4668-BE54-9A1E7A4F7556}") = "Chapter06", "Chapter06.csproj", "{89AED607-6C37-481F-9CC0-00DC5C1A0CA8}"
EndProject
Global
	GlobalSection(SolutionConfigurationPlatforms) = preSolution
		Debug|Any CPU = Debug|Any CPU
		Release|Any CPU = Release|Any CPU
	EndGlobalSection
	GlobalSection(ProjectConfigurationPlatforms) = postSolution
		{89AED607-6C37-481F-9CC0-00DC5C1A0CA8}.Debug|Any CPU.ActiveCfg = Debug|Any CPU
		{89AED607-6C37-481F-9CC0-00DC5C1A0CA8}.Debug|Any CPU.Build.0 = Debug|Any CPU
		{89AED607-6C37-481F-9CC0-00DC5C1A0CA8}.Release|Any CPU.ActiveCfg = Release|Any CPU
		{89AED607-6C37-481F-9CC0-00DC5C1A0CA8}.Release|Any CPU.Build.0 = Release|Any CPU
	EndGlobalSection
	GlobalSection(SolutionProperties) = preSolution
		HideSolutionNode = FALSE
	EndGlobalSection
	GlobalSection(ExtensibilityGlobals) = postSolution
		SolutionGuid = {DF203C75-788D-4AD5-9FF2-B5DED52FD1F0}
	EndGlobalSection
EndGlobal
