
Microsoft Visual Studio Solution File, Format Version 12.00
# Visual Studio Version 17
VisualStudioVersion = 17.0.31903.59
MinimumVisualStudioVersion = 10.0.40219.1
Project("{9A19103F-16F7-4668-BE54-9A1E7A4F7556}") = "Chapter02", "Chapter02.csproj", "{35D33D23-C4FB-400A-BB75-417D48E51457}"
EndProject
Global
	GlobalSection(SolutionConfigurationPlatforms) = preSolution
		Debug|Any CPU = Debug|Any CPU
		Release|Any CPU = Release|Any CPU
	EndGlobalSection
	GlobalSection(ProjectConfigurationPlatforms) = postSolution
		{35D33D23-C4FB-400A-BB75-417D48E51457}.Debug|Any CPU.ActiveCfg = Debug|Any CPU
		{35D33D23-C4FB-400A-BB75-417D48E51457}.Debug|Any CPU.Build.0 = Debug|Any CPU
		{35D33D23-C4FB-400A-BB75-417D48E51457}.Release|Any CPU.ActiveCfg = Release|Any CPU
		{35D33D23-C4FB-400A-BB75-417D48E51457}.Release|Any CPU.Build.0 = Release|Any CPU
	EndGlobalSection
	GlobalSection(SolutionProperties) = preSolution
		HideSolutionNode = FALSE
	EndGlobalSection
	GlobalSection(ExtensibilityGlobals) = postSolution
		SolutionGuid = {1CEBEA46-A955-4B30-BA7B-C224BE9D73D7}
	EndGlobalSection
EndGlobal
