
Microsoft Visual Studio Solution File, Format Version 12.00
# Visual Studio Version 17
VisualStudioVersion = 17.0.31903.59
MinimumVisualStudioVersion = 10.0.40219.1
Project("{FAE04EC0-301F-11D3-BF4B-00C04F79EFBC}") = "SwaggerSample", "SwaggerSample.csproj", "{180486B9-6C4F-446C-A2BD-C849F12B8EF0}"
EndProject
Global
	GlobalSection(SolutionConfigurationPlatforms) = preSolution
		Debug|Any CPU = Debug|Any CPU
		Release|Any CPU = Release|Any CPU
	EndGlobalSection
	GlobalSection(ProjectConfigurationPlatforms) = postSolution
		{180486B9-6C4F-446C-A2BD-C849F12B8EF0}.Debug|Any CPU.ActiveCfg = Debug|Any CPU
		{180486B9-6C4F-446C-A2BD-C849F12B8EF0}.Debug|Any CPU.Build.0 = Debug|Any CPU
		{180486B9-6C4F-446C-A2BD-C849F12B8EF0}.Release|Any CPU.ActiveCfg = Release|Any CPU
		{180486B9-6C4F-446C-A2BD-C849F12B8EF0}.Release|Any CPU.Build.0 = Release|Any CPU
	EndGlobalSection
	GlobalSection(SolutionProperties) = preSolution
		HideSolutionNode = FALSE
	EndGlobalSection
	GlobalSection(ExtensibilityGlobals) = postSolution
		SolutionGuid = {7F63895D-7508-457E-B2F7-18D0F2B9D351}
	EndGlobalSection
EndGlobal
