
Microsoft Visual Studio Solution File, Format Version 12.00
# Visual Studio Version 17
VisualStudioVersion = 17.0.31903.59
MinimumVisualStudioVersion = 10.0.40219.1
Project("{FAE04EC0-301F-11D3-BF4B-00C04F79EFBC}") = "DockerEnvironment", "DockerEnvironment.csproj", "{6F1782B4-54C9-4CED-B37C-0BAC7CEA266B}"
EndProject
Project("{E53339B2-1760-4266-BCC7-CA923CBCF16C}") = "docker-compose", "docker-compose.dcproj", "{758E028D-7813-43DA-9C71-EE612327C641}"
EndProject
Global
	GlobalSection(SolutionConfigurationPlatforms) = preSolution
		Debug|Any CPU = Debug|Any CPU
		Release|Any CPU = Release|Any CPU
	EndGlobalSection
	GlobalSection(ProjectConfigurationPlatforms) = postSolution
		{6F1782B4-54C9-4CED-B37C-0BAC7CEA266B}.Debug|Any CPU.ActiveCfg = Debug|Any CPU
		{6F1782B4-54C9-4CED-B37C-0BAC7CEA266B}.Debug|Any CPU.Build.0 = Debug|Any CPU
		{6F1782B4-54C9-4CED-B37C-0BAC7CEA266B}.Release|Any CPU.ActiveCfg = Release|Any CPU
		{6F1782B4-54C9-4CED-B37C-0BAC7CEA266B}.Release|Any CPU.Build.0 = Release|Any CPU
		{758E028D-7813-43DA-9C71-EE612327C641}.Debug|Any CPU.ActiveCfg = Debug|Any CPU
		{758E028D-7813-43DA-9C71-EE612327C641}.Debug|Any CPU.Build.0 = Debug|Any CPU
		{758E028D-7813-43DA-9C71-EE612327C641}.Release|Any CPU.ActiveCfg = Release|Any CPU
		{758E028D-7813-43DA-9C71-EE612327C641}.Release|Any CPU.Build.0 = Release|Any CPU
	EndGlobalSection
	GlobalSection(SolutionProperties) = preSolution
		HideSolutionNode = FALSE
	EndGlobalSection
	GlobalSection(ExtensibilityGlobals) = postSolution
		SolutionGuid = {6DAAB7E1-81FF-452B-8154-3553ED1C1E6C}
	EndGlobalSection
EndGlobal
